
Microsoft Visual Studio Solution File, Format Version 12.00
# Visual Studio 15
VisualStudioVersion = 15.0.27130.2024
MinimumVisualStudioVersion = 10.0.40219.1
Project("{FAE04EC0-301F-11D3-BF4B-00C04F79EFBC}") = "Firebase.MessagePush.Android", "Firebase.MessagePush\Firebase.MessagePush.Android\Firebase.MessagePush.Android.csproj", "{5D450BA0-3A51-49FF-8DC0-063DDCC3FB62}"
EndProject
Project("{FAE04EC0-301F-11D3-BF4B-00C04F79EFBC}") = "Firebase.MessagePush.iOS", "Firebase.MessagePush\Firebase.MessagePush.iOS\Firebase.MessagePush.iOS.csproj", "{5DF69051-B87B-4927-AC31-CE1F76F9E015}"
EndProject
Project("{9A19103F-16F7-4668-BE54-9A1E7A4F7556}") = "Firebase.MessagePush", "Firebase.MessagePush\Firebase.MessagePush\Firebase.MessagePush.csproj", "{88FD6EC5-AC6C-44E9-930B-176FCC71C0D0}"
EndProject
Project("{9A19103F-16F7-4668-BE54-9A1E7A4F7556}") = "Firebase.Model", "Firebase.Model\Firebase.Model.csproj", "{E3A68627-5D63-43EB-99FA-F828C45CEF3E}"
EndProject
Project("{FAE04EC0-301F-11D3-BF4B-00C04F79EFBC}") = "Firebase.Api.Web", "Firebase.Api.Web\Firebase.Api.Web.csproj", "{4BFC325D-683D-418D-A957-E7CF9A09E1FF}"
EndProject
Global
	GlobalSection(SolutionConfigurationPlatforms) = preSolution
		Ad-Hoc|Any CPU = Ad-Hoc|Any CPU
		Ad-Hoc|iPhone = Ad-Hoc|iPhone
		Ad-Hoc|iPhoneSimulator = Ad-Hoc|iPhoneSimulator
		AppStore|Any CPU = AppStore|Any CPU
		AppStore|iPhone = AppStore|iPhone
		AppStore|iPhoneSimulator = AppStore|iPhoneSimulator
		Debug|Any CPU = Debug|Any CPU
		Debug|iPhone = Debug|iPhone
		Debug|iPhoneSimulator = Debug|iPhoneSimulator
		Release|Any CPU = Release|Any CPU
		Release|iPhone = Release|iPhone
		Release|iPhoneSimulator = Release|iPhoneSimulator
	EndGlobalSection
	GlobalSection(ProjectConfigurationPlatforms) = postSolution
		{5D450BA0-3A51-49FF-8DC0-063DDCC3FB62}.Ad-Hoc|Any CPU.ActiveCfg = Release|Any CPU
		{5D450BA0-3A51-49FF-8DC0-063DDCC3FB62}.Ad-Hoc|Any CPU.Build.0 = Release|Any CPU
		{5D450BA0-3A51-49FF-8DC0-063DDCC3FB62}.Ad-Hoc|Any CPU.Deploy.0 = Release|Any CPU
		{5D450BA0-3A51-49FF-8DC0-063DDCC3FB62}.Ad-Hoc|iPhone.ActiveCfg = Release|Any CPU
		{5D450BA0-3A51-49FF-8DC0-063DDCC3FB62}.Ad-Hoc|iPhone.Build.0 = Release|Any CPU
		{5D450BA0-3A51-49FF-8DC0-063DDCC3FB62}.Ad-Hoc|iPhone.Deploy.0 = Release|Any CPU
		{5D450BA0-3A51-49FF-8DC0-063DDCC3FB62}.Ad-Hoc|iPhoneSimulator.ActiveCfg = Release|Any CPU
		{5D450BA0-3A51-49FF-8DC0-063DDCC3FB62}.Ad-Hoc|iPhoneSimulator.Build.0 = Release|Any CPU
		{5D450BA0-3A51-49FF-8DC0-063DDCC3FB62}.Ad-Hoc|iPhoneSimulator.Deploy.0 = Release|Any CPU
		{5D450BA0-3A51-49FF-8DC0-063DDCC3FB62}.AppStore|Any CPU.ActiveCfg = Release|Any CPU
		{5D450BA0-3A51-49FF-8DC0-063DDCC3FB62}.AppStore|Any CPU.Build.0 = Release|Any CPU
		{5D450BA0-3A51-49FF-8DC0-063DDCC3FB62}.AppStore|Any CPU.Deploy.0 = Release|Any CPU
		{5D450BA0-3A51-49FF-8DC0-063DDCC3FB62}.AppStore|iPhone.ActiveCfg = Release|Any CPU
		{5D450BA0-3A51-49FF-8DC0-063DDCC3FB62}.AppStore|iPhone.Build.0 = Release|Any CPU
		{5D450BA0-3A51-49FF-8DC0-063DDCC3FB62}.AppStore|iPhone.Deploy.0 = Release|Any CPU
		{5D450BA0-3A51-49FF-8DC0-063DDCC3FB62}.AppStore|iPhoneSimulator.ActiveCfg = Release|Any CPU
		{5D450BA0-3A51-49FF-8DC0-063DDCC3FB62}.AppStore|iPhoneSimulator.Build.0 = Release|Any CPU
		{5D450BA0-3A51-49FF-8DC0-063DDCC3FB62}.AppStore|iPhoneSimulator.Deploy.0 = Release|Any CPU
		{5D450BA0-3A51-49FF-8DC0-063DDCC3FB62}.Debug|Any CPU.ActiveCfg = Debug|Any CPU
		{5D450BA0-3A51-49FF-8DC0-063DDCC3FB62}.Debug|Any CPU.Build.0 = Debug|Any CPU
		{5D450BA0-3A51-49FF-8DC0-063DDCC3FB62}.Debug|Any CPU.Deploy.0 = Debug|Any CPU
		{5D450BA0-3A51-49FF-8DC0-063DDCC3FB62}.Debug|iPhone.ActiveCfg = Debug|Any CPU
		{5D450BA0-3A51-49FF-8DC0-063DDCC3FB62}.Debug|iPhone.Build.0 = Debug|Any CPU
		{5D450BA0-3A51-49FF-8DC0-063DDCC3FB62}.Debug|iPhone.Deploy.0 = Debug|Any CPU
		{5D450BA0-3A51-49FF-8DC0-063DDCC3FB62}.Debug|iPhoneSimulator.ActiveCfg = Debug|Any CPU
		{5D450BA0-3A51-49FF-8DC0-063DDCC3FB62}.Debug|iPhoneSimulator.Build.0 = Debug|Any CPU
		{5D450BA0-3A51-49FF-8DC0-063DDCC3FB62}.Debug|iPhoneSimulator.Deploy.0 = Debug|Any CPU
		{5D450BA0-3A51-49FF-8DC0-063DDCC3FB62}.Release|Any CPU.ActiveCfg = Release|Any CPU
		{5D450BA0-3A51-49FF-8DC0-063DDCC3FB62}.Release|Any CPU.Build.0 = Release|Any CPU
		{5D450BA0-3A51-49FF-8DC0-063DDCC3FB62}.Release|Any CPU.Deploy.0 = Release|Any CPU
		{5D450BA0-3A51-49FF-8DC0-063DDCC3FB62}.Release|iPhone.ActiveCfg = Release|Any CPU
		{5D450BA0-3A51-49FF-8DC0-063DDCC3FB62}.Release|iPhone.Build.0 = Release|Any CPU
		{5D450BA0-3A51-49FF-8DC0-063DDCC3FB62}.Release|iPhone.Deploy.0 = Release|Any CPU
		{5D450BA0-3A51-49FF-8DC0-063DDCC3FB62}.Release|iPhoneSimulator.ActiveCfg = Release|Any CPU
		{5D450BA0-3A51-49FF-8DC0-063DDCC3FB62}.Release|iPhoneSimulator.Build.0 = Release|Any CPU
		{5D450BA0-3A51-49FF-8DC0-063DDCC3FB62}.Release|iPhoneSimulator.Deploy.0 = Release|Any CPU
		{5DF69051-B87B-4927-AC31-CE1F76F9E015}.Ad-Hoc|Any CPU.ActiveCfg = Ad-Hoc|iPhone
		{5DF69051-B87B-4927-AC31-CE1F76F9E015}.Ad-Hoc|iPhone.ActiveCfg = Ad-Hoc|iPhone
		{5DF69051-B87B-4927-AC31-CE1F76F9E015}.Ad-Hoc|iPhone.Build.0 = Ad-Hoc|iPhone
		{5DF69051-B87B-4927-AC31-CE1F76F9E015}.Ad-Hoc|iPhoneSimulator.ActiveCfg = Ad-Hoc|iPhoneSimulator
		{5DF69051-B87B-4927-AC31-CE1F76F9E015}.Ad-Hoc|iPhoneSimulator.Build.0 = Ad-Hoc|iPhoneSimulator
		{5DF69051-B87B-4927-AC31-CE1F76F9E015}.AppStore|Any CPU.ActiveCfg = AppStore|iPhone
		{5DF69051-B87B-4927-AC31-CE1F76F9E015}.AppStore|iPhone.ActiveCfg = AppStore|iPhone
		{5DF69051-B87B-4927-AC31-CE1F76F9E015}.AppStore|iPhone.Build.0 = AppStore|iPhone
		{5DF69051-B87B-4927-AC31-CE1F76F9E015}.AppStore|iPhoneSimulator.ActiveCfg = AppStore|iPhoneSimulator
		{5DF69051-B87B-4927-AC31-CE1F76F9E015}.AppStore|iPhoneSimulator.Build.0 = AppStore|iPhoneSimulator
		{5DF69051-B87B-4927-AC31-CE1F76F9E015}.Debug|Any CPU.ActiveCfg = Debug|iPhone
		{5DF69051-B87B-4927-AC31-CE1F76F9E015}.Debug|iPhone.ActiveCfg = Debug|iPhone
		{5DF69051-B87B-4927-AC31-CE1F76F9E015}.Debug|iPhone.Build.0 = Debug|iPhone
		{5DF69051-B87B-4927-AC31-CE1F76F9E015}.Debug|iPhoneSimulator.ActiveCfg = Debug|iPhoneSimulator
		{5DF69051-B87B-4927-AC31-CE1F76F9E015}.Debug|iPhoneSimulator.Build.0 = Debug|iPhoneSimulator
		{5DF69051-B87B-4927-AC31-CE1F76F9E015}.Release|Any CPU.ActiveCfg = Release|iPhone
		{5DF69051-B87B-4927-AC31-CE1F76F9E015}.Release|iPhone.ActiveCfg = Release|iPhone
		{5DF69051-B87B-4927-AC31-CE1F76F9E015}.Release|iPhone.Build.0 = Release|iPhone
		{5DF69051-B87B-4927-AC31-CE1F76F9E015}.Release|iPhoneSimulator.ActiveCfg = Release|iPhoneSimulator
		{5DF69051-B87B-4927-AC31-CE1F76F9E015}.Release|iPhoneSimulator.Build.0 = Release|iPhoneSimulator
		{88FD6EC5-AC6C-44E9-930B-176FCC71C0D0}.Ad-Hoc|Any CPU.ActiveCfg = Debug|Any CPU
		{88FD6EC5-AC6C-44E9-930B-176FCC71C0D0}.Ad-Hoc|Any CPU.Build.0 = Debug|Any CPU
		{88FD6EC5-AC6C-44E9-930B-176FCC71C0D0}.Ad-Hoc|iPhone.ActiveCfg = Debug|Any CPU
		{88FD6EC5-AC6C-44E9-930B-176FCC71C0D0}.Ad-Hoc|iPhone.Build.0 = Debug|Any CPU
		{88FD6EC5-AC6C-44E9-930B-176FCC71C0D0}.Ad-Hoc|iPhoneSimulator.ActiveCfg = Debug|Any CPU
		{88FD6EC5-AC6C-44E9-930B-176FCC71C0D0}.Ad-Hoc|iPhoneSimulator.Build.0 = Debug|Any CPU
		{88FD6EC5-AC6C-44E9-930B-176FCC71C0D0}.AppStore|Any CPU.ActiveCfg = Debug|Any CPU
		{88FD6EC5-AC6C-44E9-930B-176FCC71C0D0}.AppStore|Any CPU.Build.0 = Debug|Any CPU
		{88FD6EC5-AC6C-44E9-930B-176FCC71C0D0}.AppStore|iPhone.ActiveCfg = Debug|Any CPU
		{88FD6EC5-AC6C-44E9-930B-176FCC71C0D0}.AppStore|iPhone.Build.0 = Debug|Any CPU
		{88FD6EC5-AC6C-44E9-930B-176FCC71C0D0}.AppStore|iPhoneSimulator.ActiveCfg = Debug|Any CPU
		{88FD6EC5-AC6C-44E9-930B-176FCC71C0D0}.AppStore|iPhoneSimulator.Build.0 = Debug|Any CPU
		{88FD6EC5-AC6C-44E9-930B-176FCC71C0D0}.Debug|Any CPU.ActiveCfg = Debug|Any CPU
		{88FD6EC5-AC6C-44E9-930B-176FCC71C0D0}.Debug|Any CPU.Build.0 = Debug|Any CPU
		{88FD6EC5-AC6C-44E9-930B-176FCC71C0D0}.Debug|iPhone.ActiveCfg = Debug|Any CPU
		{88FD6EC5-AC6C-44E9-930B-176FCC71C0D0}.Debug|iPhone.Build.0 = Debug|Any CPU
		{88FD6EC5-AC6C-44E9-930B-176FCC71C0D0}.Debug|iPhoneSimulator.ActiveCfg = Debug|Any CPU
		{88FD6EC5-AC6C-44E9-930B-176FCC71C0D0}.Debug|iPhoneSimulator.Build.0 = Debug|Any CPU
		{88FD6EC5-AC6C-44E9-930B-176FCC71C0D0}.Release|Any CPU.ActiveCfg = Release|Any CPU
		{88FD6EC5-AC6C-44E9-930B-176FCC71C0D0}.Release|Any CPU.Build.0 = Release|Any CPU
		{88FD6EC5-AC6C-44E9-930B-176FCC71C0D0}.Release|iPhone.ActiveCfg = Release|Any CPU
		{88FD6EC5-AC6C-44E9-930B-176FCC71C0D0}.Release|iPhone.Build.0 = Release|Any CPU
		{88FD6EC5-AC6C-44E9-930B-176FCC71C0D0}.Release|iPhoneSimulator.ActiveCfg = Release|Any CPU
		{88FD6EC5-AC6C-44E9-930B-176FCC71C0D0}.Release|iPhoneSimulator.Build.0 = Release|Any CPU
		{E3A68627-5D63-43EB-99FA-F828C45CEF3E}.Ad-Hoc|Any CPU.ActiveCfg = Debug|Any CPU
		{E3A68627-5D63-43EB-99FA-F828C45CEF3E}.Ad-Hoc|Any CPU.Build.0 = Debug|Any CPU
		{E3A68627-5D63-43EB-99FA-F828C45CEF3E}.Ad-Hoc|iPhone.ActiveCfg = Debug|Any CPU
		{E3A68627-5D63-43EB-99FA-F828C45CEF3E}.Ad-Hoc|iPhone.Build.0 = Debug|Any CPU
		{E3A68627-5D63-43EB-99FA-F828C45CEF3E}.Ad-Hoc|iPhoneSimulator.ActiveCfg = Debug|Any CPU
		{E3A68627-5D63-43EB-99FA-F828C45CEF3E}.Ad-Hoc|iPhoneSimulator.Build.0 = Debug|Any CPU
		{E3A68627-5D63-43EB-99FA-F828C45CEF3E}.AppStore|Any CPU.ActiveCfg = Debug|Any CPU
		{E3A68627-5D63-43EB-99FA-F828C45CEF3E}.AppStore|Any CPU.Build.0 = Debug|Any CPU
		{E3A68627-5D63-43EB-99FA-F828C45CEF3E}.AppStore|iPhone.ActiveCfg = Debug|Any CPU
		{E3A68627-5D63-43EB-99FA-F828C45CEF3E}.AppStore|iPhone.Build.0 = Debug|Any CPU
		{E3A68627-5D63-43EB-99FA-F828C45CEF3E}.AppStore|iPhoneSimulator.ActiveCfg = Debug|Any CPU
		{E3A68627-5D63-43EB-99FA-F828C45CEF3E}.AppStore|iPhoneSimulator.Build.0 = Debug|Any CPU
		{E3A68627-5D63-43EB-99FA-F828C45CEF3E}.Debug|Any CPU.ActiveCfg = Debug|Any CPU
		{E3A68627-5D63-43EB-99FA-F828C45CEF3E}.Debug|Any CPU.Build.0 = Debug|Any CPU
		{E3A68627-5D63-43EB-99FA-F828C45CEF3E}.Debug|iPhone.ActiveCfg = Debug|Any CPU
		{E3A68627-5D63-43EB-99FA-F828C45CEF3E}.Debug|iPhone.Build.0 = Debug|Any CPU
		{E3A68627-5D63-43EB-99FA-F828C45CEF3E}.Debug|iPhoneSimulator.ActiveCfg = Debug|Any CPU
		{E3A68627-5D63-43EB-99FA-F828C45CEF3E}.Debug|iPhoneSimulator.Build.0 = Debug|Any CPU
		{E3A68627-5D63-43EB-99FA-F828C45CEF3E}.Release|Any CPU.ActiveCfg = Release|Any CPU
		{E3A68627-5D63-43EB-99FA-F828C45CEF3E}.Release|Any CPU.Build.0 = Release|Any CPU
		{E3A68627-5D63-43EB-99FA-F828C45CEF3E}.Release|iPhone.ActiveCfg = Release|Any CPU
		{E3A68627-5D63-43EB-99FA-F828C45CEF3E}.Release|iPhone.Build.0 = Release|Any CPU
		{E3A68627-5D63-43EB-99FA-F828C45CEF3E}.Release|iPhoneSimulator.ActiveCfg = Release|Any CPU
		{E3A68627-5D63-43EB-99FA-F828C45CEF3E}.Release|iPhoneSimulator.Build.0 = Release|Any CPU
		{4BFC325D-683D-418D-A957-E7CF9A09E1FF}.Ad-Hoc|Any CPU.ActiveCfg = Release|Any CPU
		{4BFC325D-683D-418D-A957-E7CF9A09E1FF}.Ad-Hoc|Any CPU.Build.0 = Release|Any CPU
		{4BFC325D-683D-418D-A957-E7CF9A09E1FF}.Ad-Hoc|iPhone.ActiveCfg = Release|Any CPU
		{4BFC325D-683D-418D-A957-E7CF9A09E1FF}.Ad-Hoc|iPhone.Build.0 = Release|Any CPU
		{4BFC325D-683D-418D-A957-E7CF9A09E1FF}.Ad-Hoc|iPhoneSimulator.ActiveCfg = Release|Any CPU
		{4BFC325D-683D-418D-A957-E7CF9A09E1FF}.Ad-Hoc|iPhoneSimulator.Build.0 = Release|Any CPU
		{4BFC325D-683D-418D-A957-E7CF9A09E1FF}.AppStore|Any CPU.ActiveCfg = Release|Any CPU
		{4BFC325D-683D-418D-A957-E7CF9A09E1FF}.AppStore|Any CPU.Build.0 = Release|Any CPU
		{4BFC325D-683D-418D-A957-E7CF9A09E1FF}.AppStore|iPhone.ActiveCfg = Release|Any CPU
		{4BFC325D-683D-418D-A957-E7CF9A09E1FF}.AppStore|iPhone.Build.0 = Release|Any CPU
		{4BFC325D-683D-418D-A957-E7CF9A09E1FF}.AppStore|iPhoneSimulator.ActiveCfg = Release|Any CPU
		{4BFC325D-683D-418D-A957-E7CF9A09E1FF}.AppStore|iPhoneSimulator.Build.0 = Release|Any CPU
		{4BFC325D-683D-418D-A957-E7CF9A09E1FF}.Debug|Any CPU.ActiveCfg = Debug|Any CPU
		{4BFC325D-683D-418D-A957-E7CF9A09E1FF}.Debug|Any CPU.Build.0 = Debug|Any CPU
		{4BFC325D-683D-418D-A957-E7CF9A09E1FF}.Debug|iPhone.ActiveCfg = Debug|Any CPU
		{4BFC325D-683D-418D-A957-E7CF9A09E1FF}.Debug|iPhone.Build.0 = Debug|Any CPU
		{4BFC325D-683D-418D-A957-E7CF9A09E1FF}.Debug|iPhoneSimulator.ActiveCfg = Debug|Any CPU
		{4BFC325D-683D-418D-A957-E7CF9A09E1FF}.Debug|iPhoneSimulator.Build.0 = Debug|Any CPU
		{4BFC325D-683D-418D-A957-E7CF9A09E1FF}.Release|Any CPU.ActiveCfg = Release|Any CPU
		{4BFC325D-683D-418D-A957-E7CF9A09E1FF}.Release|Any CPU.Build.0 = Release|Any CPU
		{4BFC325D-683D-418D-A957-E7CF9A09E1FF}.Release|iPhone.ActiveCfg = Release|Any CPU
		{4BFC325D-683D-418D-A957-E7CF9A09E1FF}.Release|iPhone.Build.0 = Release|Any CPU
		{4BFC325D-683D-418D-A957-E7CF9A09E1FF}.Release|iPhoneSimulator.ActiveCfg = Release|Any CPU
		{4BFC325D-683D-418D-A957-E7CF9A09E1FF}.Release|iPhoneSimulator.Build.0 = Release|Any CPU
	EndGlobalSection
	GlobalSection(SolutionProperties) = preSolution
		HideSolutionNode = FALSE
	EndGlobalSection
	GlobalSection(ExtensibilityGlobals) = postSolution
		SolutionGuid = {1D7125FD-D0C7-4223-AE97-884DC6CE1465}
	EndGlobalSection
EndGlobal
